
Microsoft Visual Studio Solution File, Format Version 12.00
# Visual Studio 15
VisualStudioVersion = 15.0.27703.2035
MinimumVisualStudioVersion = 10.0.40219.1
Project("{FAE04EC0-301F-11D3-BF4B-00C04F79EFBC}") = "MadLibsGUI", "MadLibsGUI\MadLibsGUI.csproj", "{96E38994-3F7C-4FC6-B02C-E7E712963C2E}"
EndProject
Global
	GlobalSection(SolutionConfigurationPlatforms) = preSolution
		Debug|Any CPU = Debug|Any CPU
		Release|Any CPU = Release|Any CPU
	EndGlobalSection
	GlobalSection(ProjectConfigurationPlatforms) = postSolution
		{96E38994-3F7C-4FC6-B02C-E7E712963C2E}.Debug|Any CPU.ActiveCfg = Debug|Any CPU
		{96E38994-3F7C-4FC6-B02C-E7E712963C2E}.Debug|Any CPU.Build.0 = Debug|Any CPU
		{96E38994-3F7C-4FC6-B02C-E7E712963C2E}.Release|Any CPU.ActiveCfg = Release|Any CPU
		{96E38994-3F7C-4FC6-B02C-E7E712963C2E}.Release|Any CPU.Build.0 = Release|Any CPU
	EndGlobalSection
	GlobalSection(SolutionProperties) = preSolution
		HideSolutionNode = FALSE
	EndGlobalSection
	GlobalSection(ExtensibilityGlobals) = postSolution
		SolutionGuid = {A4D13BB1-1090-4E27-892F-51979C25B936}
	EndGlobalSection
EndGlobal
