
Microsoft Visual Studio Solution File, Format Version 12.00
# Visual Studio 15
VisualStudioVersion = 15.0.27703.2035
MinimumVisualStudioVersion = 10.0.40219.1
Project("{FAE04EC0-301F-11D3-BF4B-00C04F79EFBC}") = "TestInteractiveGUI", "TestInteractiveGUI\TestInteractiveGUI.csproj", "{81033B3B-41A8-40A4-A4FC-E4B0CE198C2B}"
EndProject
Global
	GlobalSection(SolutionConfigurationPlatforms) = preSolution
		Debug|Any CPU = Debug|Any CPU
		Release|Any CPU = Release|Any CPU
	EndGlobalSection
	GlobalSection(ProjectConfigurationPlatforms) = postSolution
		{81033B3B-41A8-40A4-A4FC-E4B0CE198C2B}.Debug|Any CPU.ActiveCfg = Debug|Any CPU
		{81033B3B-41A8-40A4-A4FC-E4B0CE198C2B}.Debug|Any CPU.Build.0 = Debug|Any CPU
		{81033B3B-41A8-40A4-A4FC-E4B0CE198C2B}.Release|Any CPU.ActiveCfg = Release|Any CPU
		{81033B3B-41A8-40A4-A4FC-E4B0CE198C2B}.Release|Any CPU.Build.0 = Release|Any CPU
	EndGlobalSection
	GlobalSection(SolutionProperties) = preSolution
		HideSolutionNode = FALSE
	EndGlobalSection
	GlobalSection(ExtensibilityGlobals) = postSolution
		SolutionGuid = {68B419B8-57A2-451D-9A8E-BB4676922DDF}
	EndGlobalSection
EndGlobal
